
Microsoft Visual Studio Solution File, Format Version 12.00
# Visual Studio Version 17
VisualStudioVersion = 17.13.35931.197 d17.13
MinimumVisualStudioVersion = 10.0.40219.1
Project("{FAE04EC0-301F-11D3-BF4B-00C04F79EFBC}") = "Municipal Services", "Municipal Services\Municipal Services.csproj", "{AF2CB2B6-987B-49F5-A29B-90A3A9139BBC}"
EndProject
Global
	GlobalSection(SolutionConfigurationPlatforms) = preSolution
		Debug|Any CPU = Debug|Any CPU
		Release|Any CPU = Release|Any CPU
	EndGlobalSection
	GlobalSection(ProjectConfigurationPlatforms) = postSolution
		{AF2CB2B6-987B-49F5-A29B-90A3A9139BBC}.Debug|Any CPU.ActiveCfg = Debug|Any CPU
		{AF2CB2B6-987B-49F5-A29B-90A3A9139BBC}.Debug|Any CPU.Build.0 = Debug|Any CPU
		{AF2CB2B6-987B-49F5-A29B-90A3A9139BBC}.Release|Any CPU.ActiveCfg = Release|Any CPU
		{AF2CB2B6-987B-49F5-A29B-90A3A9139BBC}.Release|Any CPU.Build.0 = Release|Any CPU
	EndGlobalSection
	GlobalSection(SolutionProperties) = preSolution
		HideSolutionNode = FALSE
	EndGlobalSection
	GlobalSection(ExtensibilityGlobals) = postSolution
		SolutionGuid = {2E1041A7-BCF5-41B7-A31E-851235F5AE84}
	EndGlobalSection
EndGlobal
